Microsoft Visual Studio Solution File, Format Version 12.00
# Visual Studio Version 17
VisualStudioVersion = 17.5.2.0
MinimumVisualStudioVersion = 10.0.40219.1
Project("{FAE04EC0-301F-11D3-BF4B-00C04F79EFBC}") = "SecureChat", "SecureChat.csproj", "{34001A1C-01E6-AA94-3702-65280506466C}"
EndProject
Global
	GlobalSection(SolutionConfigurationPlatforms) = preSolution
		Debug|Any CPU = Debug|Any CPU
		Release|Any CPU = Release|Any CPU
	EndGlobalSection
	GlobalSection(ProjectConfigurationPlatforms) = postSolution
		{34001A1C-01E6-AA94-3702-65280506466C}.Debug|Any CPU.ActiveCfg = Debug|Any CPU
		{34001A1C-01E6-AA94-3702-65280506466C}.Debug|Any CPU.Build.0 = Debug|Any CPU
		{34001A1C-01E6-AA94-3702-65280506466C}.Release|Any CPU.ActiveCfg = Release|Any CPU
		{34001A1C-01E6-AA94-3702-65280506466C}.Release|Any CPU.Build.0 = Release|Any CPU
	EndGlobalSection
	GlobalSection(SolutionProperties) = preSolution
		HideSolutionNode = FALSE
	EndGlobalSection
	GlobalSection(ExtensibilityGlobals) = postSolution
		SolutionGuid = {833C6324-9D60-4DA1-98E9-ECADFBC2455E}
	EndGlobalSection
EndGlobal
